
Microsoft Visual Studio Solution File, Format Version 12.00
# Visual Studio 15
VisualStudioVersion = 15.0.28010.0
MinimumVisualStudioVersion = 10.0.40219.1
Project("{9A19103F-16F7-4668-BE54-9A1E7A4F7556}") = "CultureIssueDemonstration", "CultureIssueDemonstration\CultureIssueDemonstration.csproj", "{1606F5CD-3969-491E-8E01-A06CC682079D}"
EndProject
Project("{2150E333-8FDC-42A3-9474-1A3956D46DE8}") = "Solution Items", "Solution Items", "{9C2C2E71-E9C4-4DEE-863D-ED385C48D82D}"
	ProjectSection(SolutionItems) = preProject
		README.md = README.md
		test-CurrentPlatform.bat = test-CurrentPlatform.bat
		test-CurrentPlatform.sh = test-CurrentPlatform.sh
		test-dockerLinux.bat = test-dockerLinux.bat
		test-dockerLinux.sh = test-dockerLinux.sh
	EndProjectSection
EndProject
Global
	GlobalSection(SolutionConfigurationPlatforms) = preSolution
		Debug|Any CPU = Debug|Any CPU
		Release|Any CPU = Release|Any CPU
	EndGlobalSection
	GlobalSection(ProjectConfigurationPlatforms) = postSolution
		{1606F5CD-3969-491E-8E01-A06CC682079D}.Debug|Any CPU.ActiveCfg = Debug|Any CPU
		{1606F5CD-3969-491E-8E01-A06CC682079D}.Debug|Any CPU.Build.0 = Debug|Any CPU
		{1606F5CD-3969-491E-8E01-A06CC682079D}.Release|Any CPU.ActiveCfg = Release|Any CPU
		{1606F5CD-3969-491E-8E01-A06CC682079D}.Release|Any CPU.Build.0 = Release|Any CPU
	EndGlobalSection
	GlobalSection(SolutionProperties) = preSolution
		HideSolutionNode = FALSE
	EndGlobalSection
	GlobalSection(ExtensibilityGlobals) = postSolution
		SolutionGuid = {A5B0F44F-472D-4E9B-8E1B-3244D0AB40B0}
	EndGlobalSection
EndGlobal
